
Microsoft Visual Studio Solution File, Format Version 12.00
# Visual Studio 15
Project("{9344BDBB-3E7F-41FC-A0DD-8665D75EE146}") = "NewsOfCSharp8", "NewsOfCSharp8\NewsOfCSharp8.csproj", "{F9E5983A-8147-4973-8DCD-3347167345C3}"
EndProject
Global
	GlobalSection(SolutionConfigurationPlatforms) = preSolution
		Debug|Any CPU = Debug|Any CPU
		Release|Any CPU = Release|Any CPU
	EndGlobalSection
	GlobalSection(ProjectConfigurationPlatforms) = postSolution
		{F9E5983A-8147-4973-8DCD-3347167345C3}.Debug|Any CPU.ActiveCfg = Debug|Any CPU
		{F9E5983A-8147-4973-8DCD-3347167345C3}.Debug|Any CPU.Build.0 = Debug|Any CPU
		{F9E5983A-8147-4973-8DCD-3347167345C3}.Release|Any CPU.ActiveCfg = Release|Any CPU
		{F9E5983A-8147-4973-8DCD-3347167345C3}.Release|Any CPU.Build.0 = Release|Any CPU
	EndGlobalSection
EndGlobal
